// !$*UTF8*$!
{
	archiveVersion = 1;
	classes = {
	};
	objectVersion = 56;
	objects = {

/* Begin PBXBuildFile section */
		A22DEAEB2A8E16170074867C /* WelcomeView.swift in Sources */ = {isa = PBXBuildFile; fileRef = A22DEAEA2A8E16170074867C /* WelcomeView.swift */; };
		A22DEAED2A8E1F840074867C /* GameColors.swift in Sources */ = {isa = PBXBuildFile; fileRef = A22DEAEC2A8E1F840074867C /* GameColors.swift */; };
		A22DEAEF2A8E23130074867C /* BottomTextView.swift in Sources */ = {isa = PBXBuildFile; fileRef = A22DEAEE2A8E23130074867C /* BottomTextView.swift */; };
		A22E52FE2A9CA0160022E915 /* GameViewModel.swift in Sources */ = {isa = PBXBuildFile; fileRef = A22E52FD2A9CA0160022E915 /* GameViewModel.swift */; };
		A22E53002A9CA28A0022E915 /* QuestionView.swift in Sources */ = {isa = PBXBuildFile; fileRef = A22E52FF2A9CA28A0022E915 /* QuestionView.swift */; };
		A22E53072A9D01B40022E915 /* ScoreView.swift in Sources */ = {isa = PBXBuildFile; fileRef = A22E53062A9D01B40022E915 /* ScoreView.swift */; };
		A22E53092A9D01E50022E915 /* ScoreViewModel.swift in Sources */ = {isa = PBXBuildFile; fileRef = A22E53082A9D01E50022E915 /* ScoreViewModel.swift */; };
		A23633C32A5F53050058C737 /* Code_HistoryApp.swift in Sources */ = {isa = PBXBuildFile; fileRef = A23633C22A5F53050058C737 /* Code_HistoryApp.swift */; };
		A23633C52A5F53050058C737 /* ContentView.swift in Sources */ = {isa = PBXBuildFile; fileRef = A23633C42A5F53050058C737 /* ContentView.swift */; };
		A23633C72A5F53060058C737 /* Assets.xcassets in Resources */ = {isa = PBXBuildFile; fileRef = A23633C62A5F53060058C737 /* Assets.xcassets */; };
		A23633CA2A5F53060058C737 /* Preview Assets.xcassets in Resources */ = {isa = PBXBuildFile; fileRef = A23633C92A5F53060058C737 /* Preview Assets.xcassets */; };
		A23633EB2A71255A0058C737 /* Question.swift in Sources */ = {isa = PBXBuildFile; fileRef = A23633EA2A71255A0058C737 /* Question.swift */; };
		A23633ED2A7127090058C737 /* ChoiceTextView.swift in Sources */ = {isa = PBXBuildFile; fileRef = A23633EC2A7127090058C737 /* ChoiceTextView.swift */; };
		A23633EF2A7A9C8B0058C737 /* Game.swift in Sources */ = {isa = PBXBuildFile; fileRef = A23633EE2A7A9C8B0058C737 /* Game.swift */; };
/* End PBXBuildFile section */

/* Begin PBXFileReference section */
		A22DEAEA2A8E16170074867C /* WelcomeView.swift */ = {isa = PBXFileReference; lastKnownFileType = sourcecode.swift; path = WelcomeView.swift; sourceTree = "<group>"; };
		A22DEAEC2A8E1F840074867C /* GameColors.swift */ = {isa = PBXFileReference; lastKnownFileType = sourcecode.swift; path = GameColors.swift; sourceTree = "<group>"; };
		A22DEAEE2A8E23130074867C /* BottomTextView.swift */ = {isa = PBXFileReference; lastKnownFileType = sourcecode.swift; path = BottomTextView.swift; sourceTree = "<group>"; };
		A22E52FD2A9CA0160022E915 /* GameViewModel.swift */ = {isa = PBXFileReference; lastKnownFileType = sourcecode.swift; path = GameViewModel.swift; sourceTree = "<group>"; };
		A22E52FF2A9CA28A0022E915 /* QuestionView.swift */ = {isa = PBXFileReference; lastKnownFileType = sourcecode.swift; path = QuestionView.swift; sourceTree = "<group>"; };
		A22E53062A9D01B40022E915 /* ScoreView.swift */ = {isa = PBXFileReference; lastKnownFileType = sourcecode.swift; path = ScoreView.swift; sourceTree = "<group>"; };
		A22E53082A9D01E50022E915 /* ScoreViewModel.swift */ = {isa = PBXFileReference; lastKnownFileType = sourcecode.swift; path = ScoreViewModel.swift; sourceTree = "<group>"; };
		A23633BF2A5F53050058C737 /* Code History.app */ = {isa = PBXFileReference; explicitFileType = wrapper.application; includeInIndex = 0; path = "Code History.app"; sourceTree = BUILT_PRODUCTS_DIR; };
		A23633C22A5F53050058C737 /* Code_HistoryApp.swift */ = {isa = PBXFileReference; lastKnownFileType = sourcecode.swift; path = Code_HistoryApp.swift; sourceTree = "<group>"; };
		A23633C42A5F53050058C737 /* ContentView.swift */ = {isa = PBXFileReference; lastKnownFileType = sourcecode.swift; path = ContentView.swift; sourceTree = "<group>"; };
		A23633C62A5F53060058C737 /* Assets.xcassets */ = {isa = PBXFileReference; lastKnownFileType = folder.assetcatalog; path = Assets.xcassets; sourceTree = "<group>"; };
		A23633C92A5F53060058C737 /* Preview Assets.xcassets */ = {isa = PBXFileReference; lastKnownFileType = folder.assetcatalog; path = "Preview Assets.xcassets"; sourceTree = "<group>"; };
		A23633EA2A71255A0058C737 /* Question.swift */ = {isa = PBXFileReference; lastKnownFileType = sourcecode.swift; path = Question.swift; sourceTree = "<group>"; };
		A23633EC2A7127090058C737 /* ChoiceTextView.swift */ = {isa = PBXFileReference; lastKnownFileType = sourcecode.swift; path = ChoiceTextView.swift; sourceTree = "<group>"; };
		A23633EE2A7A9C8B0058C737 /* Game.swift */ = {isa = PBXFileReference; lastKnownFileType = sourcecode.swift; path = Game.swift; sourceTree = "<group>"; };
/* End PBXFileReference section */

/* Begin PBXFrameworksBuildPhase section */
		A23633BC2A5F53050058C737 /* Frameworks */ = {
			isa = PBXFrameworksBuildPhase;
			buildActionMask = 2147483647;
			files = (
			);
			runOnlyForDeploymentPostprocessing = 0;
		};
/* End PBXFrameworksBuildPhase section */

/* Begin PBXGroup section */
		A22E52FA2A9C9FD20022E915 /* ViewModels */ = {
			isa = PBXGroup;
			children = (
				A22E53082A9D01E50022E915 /* ScoreViewModel.swift */,
				A22E52FD2A9CA0160022E915 /* GameViewModel.swift */,
			);
			path = ViewModels;
			sourceTree = "<group>";
		};
		A23633B62A5F53040058C737 = {
			isa = PBXGroup;
			children = (
				A23633C12A5F53050058C737 /* Code History */,
				A23633C02A5F53050058C737 /* Products */,
			);
			sourceTree = "<group>";
		};
		A23633C02A5F53050058C737 /* Products */ = {
			isa = PBXGroup;
			children = (
				A23633BF2A5F53050058C737 /* Code History.app */,
			);
			name = Products;
			sourceTree = "<group>";
		};
		A23633C12A5F53050058C737 /* Code History */ = {
			isa = PBXGroup;
			children = (
				A23633C62A5F53060058C737 /* Assets.xcassets */,
				A23633F02A7A9CCC0058C737 /* Models */,
				A23633F12A7A9CF30058C737 /* Views */,
				A22E52FA2A9C9FD20022E915 /* ViewModels */,
				A23633C82A5F53060058C737 /* Preview Content */,
			);
			path = "Code History";
			sourceTree = "<group>";
		};
		A23633C82A5F53060058C737 /* Preview Content */ = {
			isa = PBXGroup;
			children = (
				A23633C92A5F53060058C737 /* Preview Assets.xcassets */,
			);
			path = "Preview Content";
			sourceTree = "<group>";
		};
		A23633F02A7A9CCC0058C737 /* Models */ = {
			isa = PBXGroup;
			children = (
				A23633EA2A71255A0058C737 /* Question.swift */,
				A23633EE2A7A9C8B0058C737 /* Game.swift */,
			);
			path = Models;
			sourceTree = "<group>";
		};
		A23633F12A7A9CF30058C737 /* Views */ = {
			isa = PBXGroup;
			children = (
				A22DEAEE2A8E23130074867C /* BottomTextView.swift */,
				A23633C22A5F53050058C737 /* Code_HistoryApp.swift */,
				A22DEAEA2A8E16170074867C /* WelcomeView.swift */,
				A23633EC2A7127090058C737 /* ChoiceTextView.swift */,
				A22DEAEC2A8E1F840074867C /* GameColors.swift */,
				A22E52FF2A9CA28A0022E915 /* QuestionView.swift */,
				A23633C42A5F53050058C737 /* ContentView.swift */,
				A22E53062A9D01B40022E915 /* ScoreView.swift */,
			);
			path = Views;
			sourceTree = "<group>";
		};
/* End PBXGroup section */

/* Begin PBXNativeTarget section */
		A23633BE2A5F53050058C737 /* Code History */ = {
			isa = PBXNativeTarget;
			buildConfigurationList = A23633CD2A5F53060058C737 /* Build configuration list for PBXNativeTarget "Code History" */;
			buildPhases = (
				A23633BB2A5F53050058C737 /* Sources */,
				A23633BC2A5F53050058C737 /* Frameworks */,
				A23633BD2A5F53050058C737 /* Resources */,
			);
			buildRules = (
			);
			dependencies = (
			);
			name = "Code History";
			productName = "Code History";
			productReference = A23633BF2A5F53050058C737 /* Code History.app */;
			productType = "com.apple.product-type.application";
		};
/* End PBXNativeTarget section */

/* Begin PBXProject section */
		A23633B72A5F53040058C737 /* Project object */ = {
			isa = PBXProject;
			attributes = {
				BuildIndependentTargetsInParallel = 1;
				LastSwiftUpdateCheck = 1430;
				LastUpgradeCheck = 1430;
				TargetAttributes = {
					A23633BE2A5F53050058C737 = {
						CreatedOnToolsVersion = 14.3.1;
					};
				};
			};
			buildConfigurationList = A23633BA2A5F53040058C737 /* Build configuration list for PBXProject "Code History" */;
			compatibilityVersion = "Xcode 14.0";
			developmentRegion = en;
			hasScannedForEncodings = 0;
			knownRegions = (
				en,
				Base,
			);
			mainGroup = A23633B62A5F53040058C737;
			productRefGroup = A23633C02A5F53050058C737 /* Products */;
			projectDirPath = "";
			projectRoot = "";
			targets = (
				A23633BE2A5F53050058C737 /* Code History */,
			);
		};
/* End PBXProject section */

/* Begin PBXResourcesBuildPhase section */
		A23633BD2A5F53050058C737 /* Resources */ = {
			isa = PBXResourcesBuildPhase;
			buildActionMask = 2147483647;
			files = (
				A23633CA2A5F53060058C737 /* Preview Assets.xcassets in Resources */,
				A23633C72A5F53060058C737 /* Assets.xcassets in Resources */,
			);
			runOnlyForDeploymentPostprocessing = 0;
		};
/* End PBXResourcesBuildPhase section */

/* Begin PBXSourcesBuildPhase section */
		A23633BB2A5F53050058C737 /* Sources */ = {
			isa = PBXSourcesBuildPhase;
			buildActionMask = 2147483647;
			files = (
				A22E53002A9CA28A0022E915 /* QuestionView.swift in Sources */,
				A22E52FE2A9CA0160022E915 /* GameViewModel.swift in Sources */,
				A23633EB2A71255A0058C737 /* Question.swift in Sources */,
				A22E53092A9D01E50022E915 /* ScoreViewModel.swift in Sources */,
				A22DEAEB2A8E16170074867C /* WelcomeView.swift in Sources */,
				A22DEAED2A8E1F840074867C /* GameColors.swift in Sources */,
				A23633EF2A7A9C8B0058C737 /* Game.swift in Sources */,
				A22DEAEF2A8E23130074867C /* BottomTextView.swift in Sources */,
				A22E53072A9D01B40022E915 /* ScoreView.swift in Sources */,
				A23633C52A5F53050058C737 /* ContentView.swift in Sources */,
				A23633ED2A7127090058C737 /* ChoiceTextView.swift in Sources */,
				A23633C32A5F53050058C737 /* Code_HistoryApp.swift in Sources */,
			);
			runOnlyForDeploymentPostprocessing = 0;
		};
/* End PBXSourcesBuildPhase section */

/* Begin XCBuildConfiguration section */
		A23633CB2A5F53060058C737 /* Debug */ = {
			isa = XCBuildConfiguration;
			buildSettings = {
				ALWAYS_SEARCH_USER_PATHS = NO;
				CLANG_ANALYZER_NONNULL = YES;
				CLANG_ANALYZER_NUMBER_OBJECT_CONVERSION = YES_AGGRESSIVE;
				CLANG_CXX_LANGUAGE_STANDARD = "gnu++20";
				CLANG_ENABLE_MODULES = YES;
				CLANG_ENABLE_OBJC_ARC = YES;
				CLANG_ENABLE_OBJC_WEAK = YES;
				CLANG_WARN_BLOCK_CAPTURE_AUTORELEASING = YES;
				CLANG_WARN_BOOL_CONVERSION = YES;
				CLANG_WARN_COMMA = YES;
				CLANG_WARN_CONSTANT_CONVERSION = YES;
				CLANG_WARN_DEPRECATED_OBJC_IMPLEMENTATIONS = YES;
				CLANG_WARN_DIRECT_OBJC_ISA_USAGE = YES_ERROR;
				CLANG_WARN_DOCUMENTATION_COMMENTS = YES;
				CLANG_WARN_EMPTY_BODY = YES;
				CLANG_WARN_ENUM_CONVERSION = YES;
				CLANG_WARN_INFINITE_RECURSION = YES;
				CLANG_WARN_INT_CONVERSION = YES;
				CLANG_WARN_NON_LITERAL_NULL_CONVERSION = YES;
				CLANG_WARN_OBJC_IMPLICIT_RETAIN_SELF = YES;
				CLANG_WARN_OBJC_LITERAL_CONVERSION = YES;
				CLANG_WARN_OBJC_ROOT_CLASS = YES_ERROR;
				CLANG_WARN_QUOTED_INCLUDE_IN_FRAMEWORK_HEADER = YES;
				CLANG_WARN_RANGE_LOOP_ANALYSIS = YES;
				CLANG_WARN_STRICT_PROTOTYPES = YES;
				CLANG_WARN_SUSPICIOUS_MOVE = YES;
				CLANG_WARN_UNGUARDED_AVAILABILITY = YES_AGGRESSIVE;
				CLANG_WARN_UNREACHABLE_CODE = YES;
				CLANG_WARN__DUPLICATE_METHOD_MATCH = YES;
				COPY_PHASE_STRIP = NO;
				DEBUG_INFORMATION_FORMAT = dwarf;
				ENABLE_STRICT_OBJC_MSGSEND = YES;
				ENABLE_TESTABILITY = YES;
				GCC_C_LANGUAGE_STANDARD = gnu11;
				GCC_DYNAMIC_NO_PIC = NO;
				GCC_NO_COMMON_BLOCKS = YES;
				GCC_OPTIMIZATION_LEVEL = 0;
				GCC_PREPROCESSOR_DEFINITIONS = (
					"DEBUG=1",
					"$(inherited)",
				);
				GCC_WARN_64_TO_32_BIT_CONVERSION = YES;
				GCC_WARN_ABOUT_RETURN_TYPE = YES_ERROR;
				GCC_WARN_UNDECLARED_SELECTOR = YES;
				GCC_WARN_UNINITIALIZED_AUTOS = YES_AGGRESSIVE;
				GCC_WARN_UNUSED_FUNCTION = YES;
				GCC_WARN_UNUSED_VARIABLE = YES;
				IPHONEOS_DEPLOYMENT_TARGET = 16.4;
				MTL_ENABLE_DEBUG_INFO = INCLUDE_SOURCE;
				MTL_FAST_MATH = YES;
				ONLY_ACTIVE_ARCH = YES;
				SDKROOT = iphoneos;
				SWIFT_ACTIVE_COMPILATION_CONDITIONS = DEBUG;
				SWIFT_OPTIMIZATION_LEVEL = "-Onone";
			};
			name = Debug;
		};
		A23633CC2A5F53060058C737 /* Release */ = {
			isa = XCBuildConfiguration;
			buildSettings = {
				ALWAYS_SEARCH_USER_PATHS = NO;
				CLANG_ANALYZER_NONNULL = YES;
				CLANG_ANALYZER_NUMBER_OBJECT_CONVERSION = YES_AGGRESSIVE;
				CLANG_CXX_LANGUAGE_STANDARD = "gnu++20";
				CLANG_ENABLE_MODULES = YES;
				CLANG_ENABLE_OBJC_ARC = YES;
				CLANG_ENABLE_OBJC_WEAK = YES;
				CLANG_WARN_BLOCK_CAPTURE_AUTORELEASING = YES;
				CLANG_WARN_BOOL_CONVERSION = YES;
				CLANG_WARN_COMMA = YES;
				CLANG_WARN_CONSTANT_CONVERSION = YES;
				CLANG_WARN_DEPRECATED_OBJC_IMPLEMENTATIONS = YES;
				CLANG_WARN_DIRECT_OBJC_ISA_USAGE = YES_ERROR;
				CLANG_WARN_DOCUMENTATION_COMMENTS = YES;
				CLANG_WARN_EMPTY_BODY = YES;
				CLANG_WARN_ENUM_CONVERSION = YES;
				CLANG_WARN_INFINITE_RECURSION = YES;
				CLANG_WARN_INT_CONVERSION = YES;
				CLANG_WARN_NON_LITERAL_NULL_CONVERSION = YES;
				CLANG_WARN_OBJC_IMPLICIT_RETAIN_SELF = YES;
				CLANG_WARN_OBJC_LITERAL_CONVERSION = YES;
				CLANG_WARN_OBJC_ROOT_CLASS = YES_ERROR;
				CLANG_WARN_QUOTED_INCLUDE_IN_FRAMEWORK_HEADER = YES;
				CLANG_WARN_RANGE_LOOP_ANALYSIS = YES;
				CLANG_WARN_STRICT_PROTOTYPES = YES;
				CLANG_WARN_SUSPICIOUS_MOVE = YES;
				CLANG_WARN_UNGUARDED_AVAILABILITY = YES_AGGRESSIVE;
				CLANG_WARN_UNREACHABLE_CODE = YES;
				CLANG_WARN__DUPLICATE_METHOD_MATCH = YES;
				COPY_PHASE_STRIP = NO;
				DEBUG_INFORMATION_FORMAT = "dwarf-with-dsym";
				ENABLE_NS_ASSERTIONS = NO;
				ENABLE_STRICT_OBJC_MSGSEND = YES;
				GCC_C_LANGUAGE_STANDARD = gnu11;
				GCC_NO_COMMON_BLOCKS = YES;
				GCC_WARN_64_TO_32_BIT_CONVERSION = YES;
				GCC_WARN_ABOUT_RETURN_TYPE = YES_ERROR;
				GCC_WARN_UNDECLARED_SELECTOR = YES;
				GCC_WARN_UNINITIALIZED_AUTOS = YES_AGGRESSIVE;
				GCC_WARN_UNUSED_FUNCTION = YES;
				GCC_WARN_UNUSED_VARIABLE = YES;
				IPHONEOS_DEPLOYMENT_TARGET = 16.4;
				MTL_ENABLE_DEBUG_INFO = NO;
				MTL_FAST_MATH = YES;
				SDKROOT = iphoneos;
				SWIFT_COMPILATION_MODE = wholemodule;
				SWIFT_OPTIMIZATION_LEVEL = "-O";
				VALIDATE_PRODUCT = YES;
			};
			name = Release;
		};
		A23633CE2A5F53060058C737 /* Debug */ = {
			isa = XCBuildConfiguration;
			buildSettings = {
				ASSETCATALOG_COMPILER_APPICON_NAME = AppIcon;
				ASSETCATALOG_COMPILER_GLOBAL_ACCENT_COLOR_NAME = AccentColor;
				CODE_SIGN_STYLE = Automatic;
				CURRENT_PROJECT_VERSION = 1;
				DEVELOPMENT_ASSET_PATHS = "\"Code History/Preview Content\"";
				ENABLE_PREVIEWS = YES;
				GENERATE_INFOPLIST_FILE = YES;
				INFOPLIST_KEY_UIApplicationSceneManifest_Generation = YES;
				INFOPLIST_KEY_UIApplicationSupportsIndirectInputEvents = YES;
				INFOPLIST_KEY_UILaunchScreen_Generation = YES;
				INFOPLIST_KEY_UISupportedInterfaceOrientations_iPad = "UIInterfaceOrientationPortrait UIInterfaceOrientationPortraitUpsideDown UIInterfaceOrientationLandscapeLeft UIInterfaceOrientationLandscapeRight";
				INFOPLIST_KEY_UISupportedInterfaceOrientations_iPhone = "UIInterfaceOrientationPortrait UIInterfaceOrientationLandscapeLeft UIInterfaceOrientationLandscapeRight";
				LD_RUNPATH_SEARCH_PATHS = (
					"$(inherited)",
					"@executable_path/Frameworks",
				);
				MARKETING_VERSION = 1.0;
				PRODUCT_BUNDLE_IDENTIFIER = "com.yenga2.Code-History";
				PRODUCT_NAME = "$(TARGET_NAME)";
				SWIFT_EMIT_LOC_STRINGS = YES;
				SWIFT_VERSION = 5.0;
				TARGETED_DEVICE_FAMILY = "1,2";
			};
			name = Debug;
		};
		A23633CF2A5F53060058C737 /* Release */ = {
			isa = XCBuildConfiguration;
			buildSettings = {
				ASSETCATALOG_COMPILER_APPICON_NAME = AppIcon;
				ASSETCATALOG_COMPILER_GLOBAL_ACCENT_COLOR_NAME = AccentColor;
				CODE_SIGN_STYLE = Automatic;
				CURRENT_PROJECT_VERSION = 1;
				DEVELOPMENT_ASSET_PATHS = "\"Code History/Preview Content\"";
				ENABLE_PREVIEWS = YES;
				GENERATE_INFOPLIST_FILE = YES;
				INFOPLIST_KEY_UIApplicationSceneManifest_Generation = YES;
				INFOPLIST_KEY_UIApplicationSupportsIndirectInputEvents = YES;
				INFOPLIST_KEY_UILaunchScreen_Generation = YES;
				INFOPLIST_KEY_UISupportedInterfaceOrientations_iPad = "UIInterfaceOrientationPortrait UIInterfaceOrientationPortraitUpsideDown UIInterfaceOrientationLandscapeLeft UIInterfaceOrientationLandscapeRight";
				INFOPLIST_KEY_UISupportedInterfaceOrientations_iPhone = "UIInterfaceOrientationPortrait UIInterfaceOrientationLandscapeLeft UIInterfaceOrientationLandscapeRight";
				LD_RUNPATH_SEARCH_PATHS = (
					"$(inherited)",
					"@executable_path/Frameworks",
				);
				MARKETING_VERSION = 1.0;
				PRODUCT_BUNDLE_IDENTIFIER = "com.yenga2.Code-History";
				PRODUCT_NAME = "$(TARGET_NAME)";
				SWIFT_EMIT_LOC_STRINGS = YES;
				SWIFT_VERSION = 5.0;
				TARGETED_DEVICE_FAMILY = "1,2";
			};
			name = Release;
		};
/* End XCBuildConfiguration section */

/* Begin XCConfigurationList section */
		A23633BA2A5F53040058C737 /* Build configuration list for PBXProject "Code History" */ = {
			isa = XCConfigurationList;
			buildConfigurations = (
				A23633CB2A5F53060058C737 /* Debug */,
				A23633CC2A5F53060058C737 /* Release */,
			);
			defaultConfigurationIsVisible = 0;
			defaultConfigurationName = Release;
		};
		A23633CD2A5F53060058C737 /* Build configuration list for PBXNativeTarget "Code History" */ = {
			isa = XCConfigurationList;
			buildConfigurations = (
				A23633CE2A5F53060058C737 /* Debug */,
				A23633CF2A5F53060058C737 /* Release */,
			);
			defaultConfigurationIsVisible = 0;
			defaultConfigurationName = Release;
		};
/* End XCConfigurationList section */
	};
	rootObject = A23633B72A5F53040058C737 /* Project object */;
}
